
Microsoft Visual Studio Solution File, Format Version 12.00
Project("{FAE04EC0-301F-11D3-BF4B-00C04F79EFBC}") = "CityTravelProblem", "CityTravelProblem\CityTravelProblem.csproj", "{00B5DA47-2163-4322-A69A-A35E322DDCB5}"
EndProject
Global
	GlobalSection(SolutionConfigurationPlatforms) = preSolution
		Debug|Any CPU = Debug|Any CPU
		Release|Any CPU = Release|Any CPU
	EndGlobalSection
	GlobalSection(ProjectConfigurationPlatforms) = postSolution
		{00B5DA47-2163-4322-A69A-A35E322DDCB5}.Debug|Any CPU.ActiveCfg = Debug|Any CPU
		{00B5DA47-2163-4322-A69A-A35E322DDCB5}.Debug|Any CPU.Build.0 = Debug|Any CPU
		{00B5DA47-2163-4322-A69A-A35E322DDCB5}.Release|Any CPU.ActiveCfg = Release|Any CPU
		{00B5DA47-2163-4322-A69A-A35E322DDCB5}.Release|Any CPU.Build.0 = Release|Any CPU
	EndGlobalSection
EndGlobal
